// !$*UTF8*$!
{
	archiveVersion = 1;
	classes = {
	};
	objectVersion = 60;
	objects = {

/* Begin PBXBuildFile section */
		B10100000000000000000001 /* ToolVaultAIApp.swift in Sources */ = {isa = PBXBuildFile; fileRef = B00100000000000000000001 /* ToolVaultAIApp.swift */; };
		B10100000000000000000002 /* ToolModels.swift in Sources */ = {isa = PBXBuildFile; fileRef = B00100000000000000000002 /* ToolModels.swift */; };
		B10100000000000000000003 /* AIService.swift in Sources */ = {isa = PBXBuildFile; fileRef = B00100000000000000000003 /* AIService.swift */; };
		B10100000000000000000004 /* SubscriptionService.swift in Sources */ = {isa = PBXBuildFile; fileRef = B00100000000000000000004 /* SubscriptionService.swift */; };
		B10100000000000000000005 /* PDFReportService.swift in Sources */ = {isa = PBXBuildFile; fileRef = B00100000000000000000005 /* PDFReportService.swift */; };
		B10100000000000000000006 /* NotificationService.swift in Sources */ = {isa = PBXBuildFile; fileRef = B00100000000000000000006 /* NotificationService.swift */; };
		B10100000000000000000007 /* CameraPicker.swift in Sources */ = {isa = PBXBuildFile; fileRef = B00100000000000000000007 /* CameraPicker.swift */; };
		B10100000000000000000008 /* ShareSheet.swift in Sources */ = {isa = PBXBuildFile; fileRef = B00100000000000000000008 /* ShareSheet.swift */; };
		B10100000000000000000009 /* QRPlaceholderService.swift in Sources */ = {isa = PBXBuildFile; fileRef = B00100000000000000000009 /* QRPlaceholderService.swift */; };
		B1010000000000000000000A /* NFCPlaceholderService.swift in Sources */ = {isa = PBXBuildFile; fileRef = B0010000000000000000000A /* NFCPlaceholderService.swift */; };
		B1010000000000000000000B /* DashboardViewModel.swift in Sources */ = {isa = PBXBuildFile; fileRef = B0010000000000000000000B /* DashboardViewModel.swift */; };
		B1010000000000000000000C /* ToolFormViewModel.swift in Sources */ = {isa = PBXBuildFile; fileRef = B0010000000000000000000C /* ToolFormViewModel.swift */; };
		B1010000000000000000000D /* AIScannerViewModel.swift in Sources */ = {isa = PBXBuildFile; fileRef = B0010000000000000000000D /* AIScannerViewModel.swift */; };
		B1010000000000000000000E /* ReportsViewModel.swift in Sources */ = {isa = PBXBuildFile; fileRef = B0010000000000000000000E /* ReportsViewModel.swift */; };
		B1010000000000000000000F /* Theme.swift in Sources */ = {isa = PBXBuildFile; fileRef = B0010000000000000000000F /* Theme.swift */; };
		B10100000000000000000010 /* SharedStateViews.swift in Sources */ = {isa = PBXBuildFile; fileRef = B00100000000000000000010 /* SharedStateViews.swift */; };
		B10100000000000000000011 /* Cards.swift in Sources */ = {isa = PBXBuildFile; fileRef = B00100000000000000000011 /* Cards.swift */; };
		B10100000000000000000012 /* PaywallView.swift in Sources */ = {isa = PBXBuildFile; fileRef = B00100000000000000000012 /* PaywallView.swift */; };
		B10100000000000000000013 /* RootView.swift in Sources */ = {isa = PBXBuildFile; fileRef = B00100000000000000000013 /* RootView.swift */; };
		B10100000000000000000014 /* OnboardingView.swift in Sources */ = {isa = PBXBuildFile; fileRef = B00100000000000000000014 /* OnboardingView.swift */; };
		B10100000000000000000015 /* DashboardView.swift in Sources */ = {isa = PBXBuildFile; fileRef = B00100000000000000000015 /* DashboardView.swift */; };
		B10100000000000000000016 /* InventoryListView.swift in Sources */ = {isa = PBXBuildFile; fileRef = B00100000000000000000016 /* InventoryListView.swift */; };
		B10100000000000000000017 /* ToolFormView.swift in Sources */ = {isa = PBXBuildFile; fileRef = B00100000000000000000017 /* ToolFormView.swift */; };
		B10100000000000000000018 /* ToolDetailView.swift in Sources */ = {isa = PBXBuildFile; fileRef = B00100000000000000000018 /* ToolDetailView.swift */; };
		B10100000000000000000019 /* AIToolScannerView.swift in Sources */ = {isa = PBXBuildFile; fileRef = B00100000000000000000019 /* AIToolScannerView.swift */; };
		B1010000000000000000001A /* MaintenanceTrackerView.swift in Sources */ = {isa = PBXBuildFile; fileRef = B0010000000000000000001A /* MaintenanceTrackerView.swift */; };
		B1010000000000000000001B /* TheftProtectionView.swift in Sources */ = {isa = PBXBuildFile; fileRef = B0010000000000000000001B /* TheftProtectionView.swift */; };
		B1010000000000000000001C /* ResaleValueTrackerView.swift in Sources */ = {isa = PBXBuildFile; fileRef = B0010000000000000000001C /* ResaleValueTrackerView.swift */; };
		B1010000000000000000001D /* TeamAssignmentView.swift in Sources */ = {isa = PBXBuildFile; fileRef = B0010000000000000000001D /* TeamAssignmentView.swift */; };
		B1010000000000000000001E /* InventoryReportsView.swift in Sources */ = {isa = PBXBuildFile; fileRef = B0010000000000000000001E /* InventoryReportsView.swift */; };
		B1010000000000000000001F /* AnalyticsDashboardView.swift in Sources */ = {isa = PBXBuildFile; fileRef = B0010000000000000000001F /* AnalyticsDashboardView.swift */; };
		B10100000000000000000020 /* SettingsView.swift in Sources */ = {isa = PBXBuildFile; fileRef = B00100000000000000000020 /* SettingsView.swift */; };
		B10100000000000000000021 /* AlertsView.swift in Sources */ = {isa = PBXBuildFile; fileRef = B00100000000000000000021 /* AlertsView.swift */; };
		C10100000000000000000001 /* Assets.xcassets in Resources */ = {isa = PBXBuildFile; fileRef = C00100000000000000000001 /* Assets.xcassets */; };
/* End PBXBuildFile section */

/* Begin PBXFileReference section */
		A00000000000000000000009 /* ToolVaultAI.app */ = {isa = PBXFileReference; explicitFileType = wrapper.application; includeInIndex = 0; path = ToolVaultAI.app; sourceTree = BUILT_PRODUCTS_DIR; };
		B00100000000000000000001 /* ToolVaultAIApp.swift */ = {isa = PBXFileReference; lastKnownFileType = sourcecode.swift; path = ToolVaultAIApp.swift; sourceTree = "<group>"; };
		B00100000000000000000002 /* ToolModels.swift */ = {isa = PBXFileReference; lastKnownFileType = sourcecode.swift; path = ToolModels.swift; sourceTree = "<group>"; };
		B00100000000000000000003 /* AIService.swift */ = {isa = PBXFileReference; lastKnownFileType = sourcecode.swift; path = AIService.swift; sourceTree = "<group>"; };
		B00100000000000000000004 /* SubscriptionService.swift */ = {isa = PBXFileReference; lastKnownFileType = sourcecode.swift; path = SubscriptionService.swift; sourceTree = "<group>"; };
		B00100000000000000000005 /* PDFReportService.swift */ = {isa = PBXFileReference; lastKnownFileType = sourcecode.swift; path = PDFReportService.swift; sourceTree = "<group>"; };
		B00100000000000000000006 /* NotificationService.swift */ = {isa = PBXFileReference; lastKnownFileType = sourcecode.swift; path = NotificationService.swift; sourceTree = "<group>"; };
		B00100000000000000000007 /* CameraPicker.swift */ = {isa = PBXFileReference; lastKnownFileType = sourcecode.swift; path = CameraPicker.swift; sourceTree = "<group>"; };
		B00100000000000000000008 /* ShareSheet.swift */ = {isa = PBXFileReference; lastKnownFileType = sourcecode.swift; path = ShareSheet.swift; sourceTree = "<group>"; };
		B00100000000000000000009 /* QRPlaceholderService.swift */ = {isa = PBXFileReference; lastKnownFileType = sourcecode.swift; path = QRPlaceholderService.swift; sourceTree = "<group>"; };
		B0010000000000000000000A /* NFCPlaceholderService.swift */ = {isa = PBXFileReference; lastKnownFileType = sourcecode.swift; path = NFCPlaceholderService.swift; sourceTree = "<group>"; };
		B0010000000000000000000B /* DashboardViewModel.swift */ = {isa = PBXFileReference; lastKnownFileType = sourcecode.swift; path = DashboardViewModel.swift; sourceTree = "<group>"; };
		B0010000000000000000000C /* ToolFormViewModel.swift */ = {isa = PBXFileReference; lastKnownFileType = sourcecode.swift; path = ToolFormViewModel.swift; sourceTree = "<group>"; };
		B0010000000000000000000D /* AIScannerViewModel.swift */ = {isa = PBXFileReference; lastKnownFileType = sourcecode.swift; path = AIScannerViewModel.swift; sourceTree = "<group>"; };
		B0010000000000000000000E /* ReportsViewModel.swift */ = {isa = PBXFileReference; lastKnownFileType = sourcecode.swift; path = ReportsViewModel.swift; sourceTree = "<group>"; };
		B0010000000000000000000F /* Theme.swift */ = {isa = PBXFileReference; lastKnownFileType = sourcecode.swift; path = Theme.swift; sourceTree = "<group>"; };
		B00100000000000000000010 /* SharedStateViews.swift */ = {isa = PBXFileReference; lastKnownFileType = sourcecode.swift; path = SharedStateViews.swift; sourceTree = "<group>"; };
		B00100000000000000000011 /* Cards.swift */ = {isa = PBXFileReference; lastKnownFileType = sourcecode.swift; path = Cards.swift; sourceTree = "<group>"; };
		B00100000000000000000012 /* PaywallView.swift */ = {isa = PBXFileReference; lastKnownFileType = sourcecode.swift; path = PaywallView.swift; sourceTree = "<group>"; };
		B00100000000000000000013 /* RootView.swift */ = {isa = PBXFileReference; lastKnownFileType = sourcecode.swift; path = RootView.swift; sourceTree = "<group>"; };
		B00100000000000000000014 /* OnboardingView.swift */ = {isa = PBXFileReference; lastKnownFileType = sourcecode.swift; path = OnboardingView.swift; sourceTree = "<group>"; };
		B00100000000000000000015 /* DashboardView.swift */ = {isa = PBXFileReference; lastKnownFileType = sourcecode.swift; path = DashboardView.swift; sourceTree = "<group>"; };
		B00100000000000000000016 /* InventoryListView.swift */ = {isa = PBXFileReference; lastKnownFileType = sourcecode.swift; path = InventoryListView.swift; sourceTree = "<group>"; };
		B00100000000000000000017 /* ToolFormView.swift */ = {isa = PBXFileReference; lastKnownFileType = sourcecode.swift; path = ToolFormView.swift; sourceTree = "<group>"; };
		B00100000000000000000018 /* ToolDetailView.swift */ = {isa = PBXFileReference; lastKnownFileType = sourcecode.swift; path = ToolDetailView.swift; sourceTree = "<group>"; };
		B00100000000000000000019 /* AIToolScannerView.swift */ = {isa = PBXFileReference; lastKnownFileType = sourcecode.swift; path = AIToolScannerView.swift; sourceTree = "<group>"; };
		B0010000000000000000001A /* MaintenanceTrackerView.swift */ = {isa = PBXFileReference; lastKnownFileType = sourcecode.swift; path = MaintenanceTrackerView.swift; sourceTree = "<group>"; };
		B0010000000000000000001B /* TheftProtectionView.swift */ = {isa = PBXFileReference; lastKnownFileType = sourcecode.swift; path = TheftProtectionView.swift; sourceTree = "<group>"; };
		B0010000000000000000001C /* ResaleValueTrackerView.swift */ = {isa = PBXFileReference; lastKnownFileType = sourcecode.swift; path = ResaleValueTrackerView.swift; sourceTree = "<group>"; };
		B0010000000000000000001D /* TeamAssignmentView.swift */ = {isa = PBXFileReference; lastKnownFileType = sourcecode.swift; path = TeamAssignmentView.swift; sourceTree = "<group>"; };
		B0010000000000000000001E /* InventoryReportsView.swift */ = {isa = PBXFileReference; lastKnownFileType = sourcecode.swift; path = InventoryReportsView.swift; sourceTree = "<group>"; };
		B0010000000000000000001F /* AnalyticsDashboardView.swift */ = {isa = PBXFileReference; lastKnownFileType = sourcecode.swift; path = AnalyticsDashboardView.swift; sourceTree = "<group>"; };
		B00100000000000000000020 /* SettingsView.swift */ = {isa = PBXFileReference; lastKnownFileType = sourcecode.swift; path = SettingsView.swift; sourceTree = "<group>"; };
		B00100000000000000000021 /* AlertsView.swift */ = {isa = PBXFileReference; lastKnownFileType = sourcecode.swift; path = AlertsView.swift; sourceTree = "<group>"; };
		C00100000000000000000001 /* Assets.xcassets */ = {isa = PBXFileReference; lastKnownFileType = folder.assetcatalog; path = Assets.xcassets; sourceTree = "<group>"; };
		C00100000000000000000002 /* StoreKitConfiguration.storekit */ = {isa = PBXFileReference; lastKnownFileType = text.json; path = StoreKitConfiguration.storekit; sourceTree = "<group>"; };
/* End PBXFileReference section */

/* Begin PBXFrameworksBuildPhase section */
		A00000000000000000000008 /* Frameworks */ = {
			isa = PBXFrameworksBuildPhase;
			buildActionMask = 2147483647;
			files = (
			);
			runOnlyForDeploymentPostprocessing = 0;
		};
/* End PBXFrameworksBuildPhase section */

/* Begin PBXGroup section */
		A00000000000000000000004 = {
			isa = PBXGroup;
			children = (
				A0000000000000000000000C /* ToolVaultAI */,
				A00000000000000000000005 /* Products */,
			);
			sourceTree = "<group>";
		};
		A00000000000000000000005 /* Products */ = {
			isa = PBXGroup;
			children = (
				A00000000000000000000009 /* ToolVaultAI.app */,
			);
			name = Products;
			sourceTree = "<group>";
		};
		A0000000000000000000000C /* ToolVaultAI */ = {
			isa = PBXGroup;
			children = (
				B00100000000000000000001 /* ToolVaultAIApp.swift */,
				A00000000000000000000010 /* Models */,
				A00000000000000000000011 /* Views */,
				A00000000000000000000012 /* ViewModels */,
				A00000000000000000000013 /* Services */,
				A00000000000000000000014 /* Components */,
				A00000000000000000000015 /* QRPlaceholder */,
				A00000000000000000000016 /* NFCPlaceholder */,
				A00000000000000000000017 /* Resources */,
			);
			path = ToolVaultAI;
			sourceTree = "<group>";
		};
		A00000000000000000000010 /* Models */ = {
			isa = PBXGroup;
			children = (
				B00100000000000000000002 /* ToolModels.swift */,
			);
			path = Models;
			sourceTree = "<group>";
		};
		A00000000000000000000011 /* Views */ = {
			isa = PBXGroup;
			children = (
				B00100000000000000000013 /* RootView.swift */,
				B00100000000000000000014 /* OnboardingView.swift */,
				B00100000000000000000015 /* DashboardView.swift */,
				B00100000000000000000016 /* InventoryListView.swift */,
				B00100000000000000000017 /* ToolFormView.swift */,
				B00100000000000000000018 /* ToolDetailView.swift */,
				B00100000000000000000019 /* AIToolScannerView.swift */,
				B0010000000000000000001A /* MaintenanceTrackerView.swift */,
				B0010000000000000000001B /* TheftProtectionView.swift */,
				B0010000000000000000001C /* ResaleValueTrackerView.swift */,
				B0010000000000000000001D /* TeamAssignmentView.swift */,
				B0010000000000000000001E /* InventoryReportsView.swift */,
				B0010000000000000000001F /* AnalyticsDashboardView.swift */,
				B00100000000000000000020 /* SettingsView.swift */,
				B00100000000000000000021 /* AlertsView.swift */,
			);
			path = Views;
			sourceTree = "<group>";
		};
		A00000000000000000000012 /* ViewModels */ = {
			isa = PBXGroup;
			children = (
				B0010000000000000000000B /* DashboardViewModel.swift */,
				B0010000000000000000000C /* ToolFormViewModel.swift */,
				B0010000000000000000000D /* AIScannerViewModel.swift */,
				B0010000000000000000000E /* ReportsViewModel.swift */,
			);
			path = ViewModels;
			sourceTree = "<group>";
		};
		A00000000000000000000013 /* Services */ = {
			isa = PBXGroup;
			children = (
				B00100000000000000000003 /* AIService.swift */,
				B00100000000000000000004 /* SubscriptionService.swift */,
				B00100000000000000000005 /* PDFReportService.swift */,
				B00100000000000000000006 /* NotificationService.swift */,
				B00100000000000000000007 /* CameraPicker.swift */,
				B00100000000000000000008 /* ShareSheet.swift */,
			);
			path = Services;
			sourceTree = "<group>";
		};
		A00000000000000000000014 /* Components */ = {
			isa = PBXGroup;
			children = (
				B0010000000000000000000F /* Theme.swift */,
				B00100000000000000000010 /* SharedStateViews.swift */,
				B00100000000000000000011 /* Cards.swift */,
				B00100000000000000000012 /* PaywallView.swift */,
			);
			path = Components;
			sourceTree = "<group>";
		};
		A00000000000000000000015 /* QRPlaceholder */ = {
			isa = PBXGroup;
			children = (
				B00100000000000000000009 /* QRPlaceholderService.swift */,
			);
			path = QRPlaceholder;
			sourceTree = "<group>";
		};
		A00000000000000000000016 /* NFCPlaceholder */ = {
			isa = PBXGroup;
			children = (
				B0010000000000000000000A /* NFCPlaceholderService.swift */,
			);
			path = NFCPlaceholder;
			sourceTree = "<group>";
		};
		A00000000000000000000017 /* Resources */ = {
			isa = PBXGroup;
			children = (
				C00100000000000000000001 /* Assets.xcassets */,
				C00100000000000000000002 /* StoreKitConfiguration.storekit */,
			);
			path = Resources;
			sourceTree = "<group>";
		};
/* End PBXGroup section */

/* Begin PBXNativeTarget section */
		A00000000000000000000003 /* ToolVaultAI */ = {
			isa = PBXNativeTarget;
			buildConfigurationList = A0000000000000000000000B /* Build configuration list for PBXNativeTarget "ToolVaultAI" */;
			buildPhases = (
				A00000000000000000000006 /* Sources */,
				A00000000000000000000008 /* Frameworks */,
				A00000000000000000000007 /* Resources */,
			);
			buildRules = (
			);
			dependencies = (
			);
			name = ToolVaultAI;
			productName = ToolVaultAI;
			productReference = A00000000000000000000009 /* ToolVaultAI.app */;
			productType = "com.apple.product-type.application";
		};
/* End PBXNativeTarget section */

/* Begin PBXProject section */
		A00000000000000000000002 /* Project object */ = {
			isa = PBXProject;
			attributes = {
				BuildIndependentTargetsInParallel = YES;
				LastSwiftUpdateCheck = 1600;
				LastUpgradeCheck = 1600;
				TargetAttributes = {
					A00000000000000000000003 = {
						CreatedOnToolsVersion = 16.0;
					};
				};
			};
			buildConfigurationList = A0000000000000000000000A /* Build configuration list for PBXProject "ToolVaultAI" */;
			compatibilityVersion = "Xcode 15.0";
			developmentRegion = en;
			hasScannedForEncodings = 0;
			knownRegions = (
				en,
				Base,
			);
			mainGroup = A00000000000000000000004;
			productRefGroup = A00000000000000000000005 /* Products */;
			projectDirPath = "";
			projectRoot = "";
			targets = (
				A00000000000000000000003 /* ToolVaultAI */,
			);
		};
/* End PBXProject section */

/* Begin PBXResourcesBuildPhase section */
		A00000000000000000000007 /* Resources */ = {
			isa = PBXResourcesBuildPhase;
			buildActionMask = 2147483647;
			files = (
				C10100000000000000000001 /* Assets.xcassets in Resources */,
			);
			runOnlyForDeploymentPostprocessing = 0;
		};
/* End PBXResourcesBuildPhase section */

/* Begin PBXSourcesBuildPhase section */
		A00000000000000000000006 /* Sources */ = {
			isa = PBXSourcesBuildPhase;
			buildActionMask = 2147483647;
			files = (
				B10100000000000000000001 /* ToolVaultAIApp.swift in Sources */,
				B10100000000000000000002 /* ToolModels.swift in Sources */,
				B10100000000000000000003 /* AIService.swift in Sources */,
				B10100000000000000000004 /* SubscriptionService.swift in Sources */,
				B10100000000000000000005 /* PDFReportService.swift in Sources */,
				B10100000000000000000006 /* NotificationService.swift in Sources */,
				B10100000000000000000007 /* CameraPicker.swift in Sources */,
				B10100000000000000000008 /* ShareSheet.swift in Sources */,
				B10100000000000000000009 /* QRPlaceholderService.swift in Sources */,
				B1010000000000000000000A /* NFCPlaceholderService.swift in Sources */,
				B1010000000000000000000B /* DashboardViewModel.swift in Sources */,
				B1010000000000000000000C /* ToolFormViewModel.swift in Sources */,
				B1010000000000000000000D /* AIScannerViewModel.swift in Sources */,
				B1010000000000000000000E /* ReportsViewModel.swift in Sources */,
				B1010000000000000000000F /* Theme.swift in Sources */,
				B10100000000000000000010 /* SharedStateViews.swift in Sources */,
				B10100000000000000000011 /* Cards.swift in Sources */,
				B10100000000000000000012 /* PaywallView.swift in Sources */,
				B10100000000000000000013 /* RootView.swift in Sources */,
				B10100000000000000000014 /* OnboardingView.swift in Sources */,
				B10100000000000000000015 /* DashboardView.swift in Sources */,
				B10100000000000000000016 /* InventoryListView.swift in Sources */,
				B10100000000000000000017 /* ToolFormView.swift in Sources */,
				B10100000000000000000018 /* ToolDetailView.swift in Sources */,
				B10100000000000000000019 /* AIToolScannerView.swift in Sources */,
				B1010000000000000000001A /* MaintenanceTrackerView.swift in Sources */,
				B1010000000000000000001B /* TheftProtectionView.swift in Sources */,
				B1010000000000000000001C /* ResaleValueTrackerView.swift in Sources */,
				B1010000000000000000001D /* TeamAssignmentView.swift in Sources */,
				B1010000000000000000001E /* InventoryReportsView.swift in Sources */,
				B1010000000000000000001F /* AnalyticsDashboardView.swift in Sources */,
				B10100000000000000000020 /* SettingsView.swift in Sources */,
				B10100000000000000000021 /* AlertsView.swift in Sources */,
			);
			runOnlyForDeploymentPostprocessing = 0;
		};
/* End PBXSourcesBuildPhase section */

/* Begin XCBuildConfiguration section */
		A00000000000000000000018 /* Debug */ = {
			isa = XCBuildConfiguration;
			buildSettings = {
				ALWAYS_SEARCH_USER_PATHS = NO;
				CLANG_ANALYZER_NONNULL = YES;
				CLANG_ANALYZER_NUMBER_OBJECT_CONVERSION = YES_AGGRESSIVE;
				CLANG_CXX_LANGUAGE_STANDARD = "gnu++20";
				CLANG_ENABLE_MODULES = YES;
				CLANG_ENABLE_OBJC_ARC = YES;
				CLANG_ENABLE_OBJC_WEAK = YES;
				CLANG_WARN_BLOCK_CAPTURE_AUTORELEASING = YES;
				CLANG_WARN_BOOL_CONVERSION = YES;
				CLANG_WARN_COMMA = YES;
				CLANG_WARN_CONSTANT_CONVERSION = YES;
				CLANG_WARN_DEPRECATED_OBJC_IMPLEMENTATIONS = YES;
				CLANG_WARN_DIRECT_OBJC_ISA_USAGE = YES_ERROR;
				CLANG_WARN_DOCUMENTATION_COMMENTS = YES;
				CLANG_WARN_EMPTY_BODY = YES;
				CLANG_WARN_ENUM_CONVERSION = YES;
				CLANG_WARN_INFINITE_RECURSION = YES;
				CLANG_WARN_INT_CONVERSION = YES;
				CLANG_WARN_NON_LITERAL_NULL_CONVERSION = YES;
				CLANG_WARN_OBJC_IMPLICIT_RETAIN_SELF = YES;
				CLANG_WARN_OBJC_LITERAL_CONVERSION = YES;
				CLANG_WARN_OBJC_ROOT_CLASS = YES_ERROR;
				CLANG_WARN_QUOTED_INCLUDE_IN_FRAMEWORK_HEADER = YES;
				CLANG_WARN_RANGE_LOOP_ANALYSIS = YES;
				CLANG_WARN_STRICT_PROTOTYPES = YES;
				CLANG_WARN_SUSPICIOUS_MOVE = YES;
				CLANG_WARN_UNGUARDED_AVAILABILITY = YES_AGGRESSIVE;
				CLANG_WARN_UNREACHABLE_CODE = YES;
				CLANG_WARN__DUPLICATE_METHOD_MATCH = YES;
				COPY_PHASE_STRIP = NO;
				DEBUG_INFORMATION_FORMAT = dwarf;
				ENABLE_STRICT_OBJC_MSGSEND = YES;
				ENABLE_TESTABILITY = YES;
				ENABLE_USER_SCRIPT_SANDBOXING = YES;
				GCC_C_LANGUAGE_STANDARD = gnu17;
				GCC_DYNAMIC_NO_PIC = NO;
				GCC_NO_COMMON_BLOCKS = YES;
				GCC_OPTIMIZATION_LEVEL = 0;
				GCC_PREPROCESSOR_DEFINITIONS = (
					"DEBUG=1",
					"$(inherited)",
				);
				GCC_WARN_64_TO_32_BIT_CONVERSION = YES;
				GCC_WARN_ABOUT_RETURN_TYPE = YES_ERROR;
				GCC_WARN_UNDECLARED_SELECTOR = YES;
				GCC_WARN_UNINITIALIZED_AUTOS = YES_AGGRESSIVE;
				GCC_WARN_UNUSED_FUNCTION = YES;
				GCC_WARN_UNUSED_VARIABLE = YES;
				IPHONEOS_DEPLOYMENT_TARGET = 17.0;
				LOCALIZATION_PREFERS_STRING_CATALOGS = YES;
				MTL_ENABLE_DEBUG_INFO = INCLUDE_SOURCE;
				MTL_FAST_MATH = YES;
				ONLY_ACTIVE_ARCH = YES;
				SDKROOT = iphoneos;
				SWIFT_ACTIVE_COMPILATION_CONDITIONS = DEBUG;
				SWIFT_OPTIMIZATION_LEVEL = "-Onone";
			};
			name = Debug;
		};
		A00000000000000000000019 /* Release */ = {
			isa = XCBuildConfiguration;
			buildSettings = {
				ALWAYS_SEARCH_USER_PATHS = NO;
				CLANG_ANALYZER_NONNULL = YES;
				CLANG_ANALYZER_NUMBER_OBJECT_CONVERSION = YES_AGGRESSIVE;
				CLANG_CXX_LANGUAGE_STANDARD = "gnu++20";
				CLANG_ENABLE_MODULES = YES;
				CLANG_ENABLE_OBJC_ARC = YES;
				CLANG_ENABLE_OBJC_WEAK = YES;
				CLANG_WARN_BLOCK_CAPTURE_AUTORELEASING = YES;
				CLANG_WARN_BOOL_CONVERSION = YES;
				CLANG_WARN_COMMA = YES;
				CLANG_WARN_CONSTANT_CONVERSION = YES;
				CLANG_WARN_DEPRECATED_OBJC_IMPLEMENTATIONS = YES;
				CLANG_WARN_DIRECT_OBJC_ISA_USAGE = YES_ERROR;
				CLANG_WARN_DOCUMENTATION_COMMENTS = YES;
				CLANG_WARN_EMPTY_BODY = YES;
				CLANG_WARN_ENUM_CONVERSION = YES;
				CLANG_WARN_INFINITE_RECURSION = YES;
				CLANG_WARN_INT_CONVERSION = YES;
				CLANG_WARN_NON_LITERAL_NULL_CONVERSION = YES;
				CLANG_WARN_OBJC_IMPLICIT_RETAIN_SELF = YES;
				CLANG_WARN_OBJC_LITERAL_CONVERSION = YES;
				CLANG_WARN_OBJC_ROOT_CLASS = YES_ERROR;
				CLANG_WARN_QUOTED_INCLUDE_IN_FRAMEWORK_HEADER = YES;
				CLANG_WARN_RANGE_LOOP_ANALYSIS = YES;
				CLANG_WARN_STRICT_PROTOTYPES = YES;
				CLANG_WARN_SUSPICIOUS_MOVE = YES;
				CLANG_WARN_UNGUARDED_AVAILABILITY = YES_AGGRESSIVE;
				CLANG_WARN_UNREACHABLE_CODE = YES;
				CLANG_WARN__DUPLICATE_METHOD_MATCH = YES;
				COPY_PHASE_STRIP = NO;
				DEBUG_INFORMATION_FORMAT = "dwarf-with-dsym";
				ENABLE_NS_ASSERTIONS = NO;
				ENABLE_STRICT_OBJC_MSGSEND = YES;
				ENABLE_USER_SCRIPT_SANDBOXING = YES;
				GCC_C_LANGUAGE_STANDARD = gnu17;
				GCC_NO_COMMON_BLOCKS = YES;
				GCC_WARN_64_TO_32_BIT_CONVERSION = YES;
				GCC_WARN_ABOUT_RETURN_TYPE = YES_ERROR;
				GCC_WARN_UNDECLARED_SELECTOR = YES;
				GCC_WARN_UNINITIALIZED_AUTOS = YES_AGGRESSIVE;
				GCC_WARN_UNUSED_FUNCTION = YES;
				GCC_WARN_UNUSED_VARIABLE = YES;
				IPHONEOS_DEPLOYMENT_TARGET = 17.0;
				LOCALIZATION_PREFERS_STRING_CATALOGS = YES;
				MTL_ENABLE_DEBUG_INFO = NO;
				MTL_FAST_MATH = YES;
				SDKROOT = iphoneos;
				SWIFT_COMPILATION_MODE = wholemodule;
				VALIDATE_PRODUCT = YES;
			};
			name = Release;
		};
		A0000000000000000000001A /* Debug */ = {
			isa = XCBuildConfiguration;
			buildSettings = {
				ASSETCATALOG_COMPILER_GLOBAL_ACCENT_COLOR_NAME = AccentColor;
				ASSETCATALOG_COMPILER_APPICON_NAME = AppIcon;
				CODE_SIGN_STYLE = Automatic;
				CURRENT_PROJECT_VERSION = 1;
				DEVELOPMENT_ASSET_PATHS = "";
				DEVELOPMENT_TEAM = "";
				ENABLE_PREVIEWS = YES;
				GENERATE_INFOPLIST_FILE = YES;
				INFOPLIST_KEY_CFBundleDisplayName = "ToolVault AI";
				INFOPLIST_KEY_NSCameraUsageDescription = "ToolVault AI uses the camera to photograph tools, receipts, QR labels, and scanner inputs.";
				INFOPLIST_KEY_NSPhotoLibraryUsageDescription = "ToolVault AI imports tool photos and receipts from your photo library.";
				INFOPLIST_KEY_UIApplicationSceneManifest_Generation = YES;
				INFOPLIST_KEY_UIApplicationSupportsIndirectInputEvents = YES;
				INFOPLIST_KEY_UILaunchScreen_Generation = YES;
				INFOPLIST_KEY_UISupportedInterfaceOrientations_iPad = "UIInterfaceOrientationPortrait UIInterfaceOrientationPortraitUpsideDown UIInterfaceOrientationLandscapeLeft UIInterfaceOrientationLandscapeRight";
				INFOPLIST_KEY_UISupportedInterfaceOrientations_iPhone = "UIInterfaceOrientationPortrait UIInterfaceOrientationLandscapeLeft UIInterfaceOrientationLandscapeRight";
				IPHONEOS_DEPLOYMENT_TARGET = 17.0;
				MARKETING_VERSION = 1.0;
				PRODUCT_BUNDLE_IDENTIFIER = com.toolvaultai.app;
				PRODUCT_NAME = "$(TARGET_NAME)";
				SUPPORTED_PLATFORMS = "iphoneos iphonesimulator";
				SWIFT_EMIT_LOC_STRINGS = YES;
				SWIFT_VERSION = 5.0;
				TARGETED_DEVICE_FAMILY = "1,2";
			};
			name = Debug;
		};
		A0000000000000000000001B /* Release */ = {
			isa = XCBuildConfiguration;
			buildSettings = {
				ASSETCATALOG_COMPILER_GLOBAL_ACCENT_COLOR_NAME = AccentColor;
				ASSETCATALOG_COMPILER_APPICON_NAME = AppIcon;
				CODE_SIGN_STYLE = Automatic;
				CURRENT_PROJECT_VERSION = 1;
				DEVELOPMENT_ASSET_PATHS = "";
				DEVELOPMENT_TEAM = "";
				GENERATE_INFOPLIST_FILE = YES;
				INFOPLIST_KEY_CFBundleDisplayName = "ToolVault AI";
				INFOPLIST_KEY_NSCameraUsageDescription = "ToolVault AI uses the camera to photograph tools, receipts, QR labels, and scanner inputs.";
				INFOPLIST_KEY_NSPhotoLibraryUsageDescription = "ToolVault AI imports tool photos and receipts from your photo library.";
				INFOPLIST_KEY_UIApplicationSceneManifest_Generation = YES;
				INFOPLIST_KEY_UIApplicationSupportsIndirectInputEvents = YES;
				INFOPLIST_KEY_UILaunchScreen_Generation = YES;
				INFOPLIST_KEY_UISupportedInterfaceOrientations_iPad = "UIInterfaceOrientationPortrait UIInterfaceOrientationPortraitUpsideDown UIInterfaceOrientationLandscapeLeft UIInterfaceOrientationLandscapeRight";
				INFOPLIST_KEY_UISupportedInterfaceOrientations_iPhone = "UIInterfaceOrientationPortrait UIInterfaceOrientationLandscapeLeft UIInterfaceOrientationLandscapeRight";
				IPHONEOS_DEPLOYMENT_TARGET = 17.0;
				MARKETING_VERSION = 1.0;
				PRODUCT_BUNDLE_IDENTIFIER = com.toolvaultai.app;
				PRODUCT_NAME = "$(TARGET_NAME)";
				SUPPORTED_PLATFORMS = "iphoneos iphonesimulator";
				SWIFT_EMIT_LOC_STRINGS = YES;
				SWIFT_VERSION = 5.0;
				TARGETED_DEVICE_FAMILY = "1,2";
			};
			name = Release;
		};
/* End XCBuildConfiguration section */

/* Begin XCConfigurationList section */
		A0000000000000000000000A /* Build configuration list for PBXProject "ToolVaultAI" */ = {
			isa = XCConfigurationList;
			buildConfigurations = (
				A00000000000000000000018 /* Debug */,
				A00000000000000000000019 /* Release */,
			);
			defaultConfigurationIsVisible = 0;
			defaultConfigurationName = Release;
		};
		A0000000000000000000000B /* Build configuration list for PBXNativeTarget "ToolVaultAI" */ = {
			isa = XCConfigurationList;
			buildConfigurations = (
				A0000000000000000000001A /* Debug */,
				A0000000000000000000001B /* Release */,
			);
			defaultConfigurationIsVisible = 0;
			defaultConfigurationName = Release;
		};
/* End XCConfigurationList section */
	};
	rootObject = A00000000000000000000002 /* Project object */;
}
